# This file is @generated by PDM.
# It is not intended for manual editing.

[metadata]
groups = ["default"]
strategy = ["inherit_metadata"]
lock_version = "4.5.0"
content_hash = "sha256:7d2d4f1e2f4943b5c8cd6c756501e3f70093845b4ee0696fadf64977e5be7586"

[[metadata.targets]]
requires_python = "==3.13.*"

[[package]]
name = "annotated-types"
version = "0.7.0"
requires_python = ">=3.8"
summary = "Reusable constraint types to use with typing.Annotated"
groups = ["default"]
marker = "python_version == \"3.13\""
dependencies = [
    "typing-extensions>=4.0.0; python_version < \"3.9\"",
]
files = [
    {file = "annotated_types-0.7.0-py3-none-any.whl", hash = "sha256:1f02e8b43a8fbbc3f3e0d4f0f4bfc8131bcb4eebe8849b8e5c773f3a1c582a53"},
    {file = "annotated_types-0.7.0.tar.gz", hash = "sha256:aff07c09a53a08bc8cfccb9c85b05f1aa9a2a6f23728d790723543408344ce89"},
]

[[package]]
name = "anyio"
version = "4.10.0"
requires_python = ">=3.9"
summary = "High-level concurrency and networking framework on top of asyncio or Trio"
groups = ["default"]
marker = "python_version == \"3.13\""
dependencies = [
    "exceptiongroup>=1.0.2; python_version < \"3.11\"",
    "idna>=2.8",
    "sniffio>=1.1",
    "typing-extensions>=4.5; python_version < \"3.13\"",
]
files = [
    {file = "anyio-4.10.0-py3-none-any.whl", hash = "sha256:60e474ac86736bbfd6f210f7a61218939c318f43f9972497381f1c5e930ed3d1"},
    {file = "anyio-4.10.0.tar.gz", hash = "sha256:3f3fae35c96039744587aa5b8371e7e8e603c0702999535961dd336026973ba6"},
]

[[package]]
name = "certifi"
version = "2025.8.3"
requires_python = ">=3.7"
summary = "Python package for providing Mozilla's CA Bundle."
groups = ["default"]
marker = "python_version == \"3.13\""
files = [
    {file = "certifi-2025.8.3-py3-none-any.whl", hash = "sha256:f6c12493cfb1b06ba2ff328595af9350c65d6644968e5d3a2ffd78699af217a5"},
    {file = "certifi-2025.8.3.tar.gz", hash = "sha256:e564105f78ded564e3ae7c923924435e1daa7463faeab5bb932bc53ffae63407"},
]

[[package]]
name = "charset-normalizer"
version = "3.4.3"
requires_python = ">=3.7"
summary = "The Real First Universal Charset Detector. Open, modern and actively maintained alternative to Chardet."
groups = ["default"]
marker = "python_version == \"3.13\""
files = [
    {file = "charset_normalizer-3.4.3-cp313-cp313-macosx_10_13_universal2.whl", hash = "sha256:14c2a87c65b351109f6abfc424cab3927b3bdece6f706e4d12faaf3d52ee5efe"},
    {file = "charset_normalizer-3.4.3-cp313-cp313-manylinux2014_aarch64.manylinux_2_17_aarch64.manylinux_2_28_aarch64.whl", hash = "sha256:41d1fc408ff5fdfb910200ec0e74abc40387bccb3252f3f27c0676731df2b2c8"},
    {file = "charset_normalizer-3.4.3-cp313-cp313-manylinux2014_ppc64le.manylinux_2_17_ppc64le.manylinux_2_28_ppc64le.whl", hash = "sha256:1bb60174149316da1c35fa5233681f7c0f9f514509b8e399ab70fea5f17e45c9"},
    {file = "charset_normalizer-3.4.3-cp313-cp313-manylinux2014_s390x.manylinux_2_17_s390x.manylinux_2_28_s390x.whl", hash = "sha256:30d006f98569de3459c2fc1f2acde170b7b2bd265dc1943e87e1a4efe1b67c31"},
    {file = "charset_normalizer-3.4.3-cp313-cp313-manylinux2014_x86_64.manylinux_2_17_x86_64.manylinux_2_28_x86_64.whl", hash = "sha256:416175faf02e4b0810f1f38bcb54682878a4af94059a1cd63b8747244420801f"},
    {file = "charset_normalizer-3.4.3-cp313-cp313-musllinux_1_2_aarch64.whl", hash = "sha256:6aab0f181c486f973bc7262a97f5aca3ee7e1437011ef0c2ec04b5a11d16c927"},
    {file = "charset_normalizer-3.4.3-cp313-cp313-musllinux_1_2_ppc64le.whl", hash = "sha256:fdabf8315679312cfa71302f9bd509ded4f2f263fb5b765cf1433b39106c3cc9"},
    {file = "charset_normalizer-3.4.3-cp313-cp313-musllinux_1_2_s390x.whl", hash = "sha256:bd28b817ea8c70215401f657edef3a8aa83c29d447fb0b622c35403780ba11d5"},
    {file = "charset_normalizer-3.4.3-cp313-cp313-musllinux_1_2_x86_64.whl", hash = "sha256:18343b2d246dc6761a249ba1fb13f9ee9a2bcd95decc767319506056ea4ad4dc"},
    {file = "charset_normalizer-3.4.3-cp313-cp313-win32.whl", hash = "sha256:6fb70de56f1859a3f71261cbe41005f56a7842cc348d3aeb26237560bfa5e0ce"},
    {file = "charset_normalizer-3.4.3-cp313-cp313-win_amd64.whl", hash = "sha256:cf1ebb7d78e1ad8ec2a8c4732c7be2e736f6e5123a4146c5b89c9d1f585f8cef"},
    {file = "charset_normalizer-3.4.3-py3-none-any.whl", hash = "sha256:ce571ab16d890d23b5c278547ba694193a45011ff86a9162a71307ed9f86759a"},
    {file = "charset_normalizer-3.4.3.tar.gz", hash = "sha256:6fce4b8500244f6fcb71465d4a4930d132ba9ab8e71a7859e6a5d59851068d14"},
]

[[package]]
name = "click"
version = "8.2.1"
requires_python = ">=3.10"
summary = "Composable command line interface toolkit"
groups = ["default"]
marker = "python_version == \"3.13\""
dependencies = [
    "colorama; platform_system == \"Windows\"",
]
files = [
    {file = "click-8.2.1-py3-none-any.whl", hash = "sha256:61a3265b914e850b85317d0b3109c7f8cd35a670f963866005d6ef1d5175a12b"},
    {file = "click-8.2.1.tar.gz", hash = "sha256:27c491cc05d968d271d5a1db13e3b5a184636d9d930f148c50b038f0d0646202"},
]

[[package]]
name = "colorama"
version = "0.4.6"
requires_python = "!=3.0.*,!=3.1.*,!=3.2.*,!=3.3.*,!=3.4.*,!=3.5.*,!=3.6.*,>=2.7"
summary = "Cross-platform colored terminal text."
groups = ["default"]
marker = "platform_system == \"Windows\" and python_version == \"3.13\""
files = [
    {file = "colorama-0.4.6-py2.py3-none-any.whl", hash = "sha256:4f1d9991f5acc0ca119f9d443620b77f9d6b33703e51011c16baf57afb285fc6"},
    {file = "colorama-0.4.6.tar.gz", hash = "sha256:08695f5cb7ed6e0531a20572697297273c47b8cae5a63ffc6d6ed5c201be6e44"},
]

[[package]]
name = "diffusers"
version = "0.36.0.dev0"
requires_python = ">=3.8.0"
git = "https://github.com/huggingface/diffusers"
revision = "a840c39ad8de04b242168e24c097371ba188f0e5"
summary = "State-of-the-art diffusion in PyTorch and JAX."
groups = ["default"]
marker = "python_version == \"3.13\""
dependencies = [
    "Pillow",
    "filelock",
    "huggingface-hub>=0.34.0",
    "importlib-metadata",
    "numpy",
    "regex!=2019.12.17",
    "requests",
    "safetensors>=0.3.1",
]

[[package]]
name = "filelock"
version = "3.19.1"
requires_python = ">=3.9"
summary = "A platform independent file lock."
groups = ["default"]
marker = "python_version == \"3.13\""
files = [
    {file = "filelock-3.19.1-py3-none-any.whl", hash = "sha256:d38e30481def20772f5baf097c122c3babc4fcdb7e14e57049eb9d88c6dc017d"},
    {file = "filelock-3.19.1.tar.gz", hash = "sha256:66eda1888b0171c998b35be2bcc0f6d75c388a7ce20c3f3f37aa8e96c2dddf58"},
]

[[package]]
name = "fsspec"
version = "2025.7.0"
requires_python = ">=3.9"
summary = "File-system specification"
groups = ["default"]
marker = "python_version == \"3.13\""
files = [
    {file = "fsspec-2025.7.0-py3-none-any.whl", hash = "sha256:8b012e39f63c7d5f10474de957f3ab793b47b45ae7d39f2fb735f8bbe25c0e21"},
    {file = "fsspec-2025.7.0.tar.gz", hash = "sha256:786120687ffa54b8283d942929540d8bc5ccfa820deb555a2b5d0ed2b737bf58"},
]

[[package]]
name = "h11"
version = "0.16.0"
requires_python = ">=3.8"
summary = "A pure-Python, bring-your-own-I/O implementation of HTTP/1.1"
groups = ["default"]
marker = "python_version == \"3.13\""
files = [
    {file = "h11-0.16.0-py3-none-any.whl", hash = "sha256:63cf8bbe7522de3bf65932fda1d9c2772064ffb3dae62d55932da54b31cb6c86"},
    {file = "h11-0.16.0.tar.gz", hash = "sha256:4e35b956cf45792e4caa5885e69fba00bdbc6ffafbfa020300e549b208ee5ff1"},
]

[[package]]
name = "hf-xet"
version = "1.1.8"
requires_python = ">=3.8"
summary = "Fast transfer of large files with the Hugging Face Hub."
groups = ["default"]
marker = "(platform_machine == \"x86_64\" or platform_machine == \"amd64\" or platform_machine == \"arm64\" or platform_machine == \"aarch64\") and python_version == \"3.13\""
files = [
    {file = "hf_xet-1.1.8-cp37-abi3-macosx_10_12_x86_64.whl", hash = "sha256:3d5f82e533fc51c7daad0f9b655d9c7811b5308e5890236828bd1dd3ed8fea74"},
    {file = "hf_xet-1.1.8-cp37-abi3-macosx_11_0_arm64.whl", hash = "sha256:8e2dba5896bca3ab61d0bef4f01a1647004de59640701b37e37eaa57087bbd9d"},
    {file = "hf_xet-1.1.8-cp37-abi3-manylinux_2_17_x86_64.manylinux2014_x86_64.whl", hash = "sha256:bfe5700bc729be3d33d4e9a9b5cc17a951bf8c7ada7ba0c9198a6ab2053b7453"},
    {file = "hf_xet-1.1.8-cp37-abi3-manylinux_2_28_aarch64.whl", hash = "sha256:09e86514c3c4284ed8a57d6b0f3d089f9836a0af0a1ceb3c9dd664f1f3eaefef"},
    {file = "hf_xet-1.1.8-cp37-abi3-musllinux_1_2_aarch64.whl", hash = "sha256:4a9b99ab721d385b83f4fc8ee4e0366b0b59dce03b5888a86029cc0ca634efbf"},
    {file = "hf_xet-1.1.8-cp37-abi3-musllinux_1_2_x86_64.whl", hash = "sha256:25b9d43333bbef39aeae1616789ec329c21401a7fe30969d538791076227b591"},
    {file = "hf_xet-1.1.8-cp37-abi3-win_amd64.whl", hash = "sha256:4171f31d87b13da4af1ed86c98cf763292e4720c088b4957cf9d564f92904ca9"},
    {file = "hf_xet-1.1.8.tar.gz", hash = "sha256:62a0043e441753bbc446dcb5a3fe40a4d03f5fb9f13589ef1df9ab19252beb53"},
]

[[package]]
name = "httpcore"
version = "1.0.9"
requires_python = ">=3.8"
summary = "A minimal low-level HTTP client."
groups = ["default"]
marker = "python_version == \"3.13\""
dependencies = [
    "certifi",
    "h11>=0.16",
]
files = [
    {file = "httpcore-1.0.9-py3-none-any.whl", hash = "sha256:2d400746a40668fc9dec9810239072b40b4484b640a8c38fd654a024c7a1bf55"},
    {file = "httpcore-1.0.9.tar.gz", hash = "sha256:6e34463af53fd2ab5d807f399a9b45ea31c3dfa2276f15a2c3f00afff6e176e8"},
]

[[package]]
name = "httpx"
version = "0.28.1"
requires_python = ">=3.8"
summary = "The next generation HTTP client."
groups = ["default"]
marker = "python_version == \"3.13\""
dependencies = [
    "anyio",
    "certifi",
    "httpcore==1.*",
    "idna",
]
files = [
    {file = "httpx-0.28.1-py3-none-any.whl", hash = "sha256:d909fcccc110f8c7faf814ca82a9a4d816bc5a6dbfea25d6591d6985b8ba59ad"},
    {file = "httpx-0.28.1.tar.gz", hash = "sha256:75e98c5f16b0f35b567856f597f06ff2270a374470a5c2392242528e3e3e42fc"},
]

[[package]]
name = "huggingface-hub"
version = "0.34.4"
requires_python = ">=3.8.0"
summary = "Client library to download and publish models, datasets and other repos on the huggingface.co hub"
groups = ["default"]
marker = "python_version == \"3.13\""
dependencies = [
    "filelock",
    "fsspec>=2023.5.0",
    "hf-xet<2.0.0,>=1.1.3; platform_machine == \"x86_64\" or platform_machine == \"amd64\" or platform_machine == \"arm64\" or platform_machine == \"aarch64\"",
    "packaging>=20.9",
    "pyyaml>=5.1",
    "requests",
    "tqdm>=4.42.1",
    "typing-extensions>=3.7.4.3",
]
files = [
    {file = "huggingface_hub-0.34.4-py3-none-any.whl", hash = "sha256:9b365d781739c93ff90c359844221beef048403f1bc1f1c123c191257c3c890a"},
    {file = "huggingface_hub-0.34.4.tar.gz", hash = "sha256:a4228daa6fb001be3f4f4bdaf9a0db00e1739235702848df00885c9b5742c85c"},
]

[[package]]
name = "idna"
version = "3.10"
requires_python = ">=3.6"
summary = "Internationalized Domain Names in Applications (IDNA)"
groups = ["default"]
marker = "python_version == \"3.13\""
files = [
    {file = "idna-3.10-py3-none-any.whl", hash = "sha256:946d195a0d259cbba61165e88e65941f16e9b36ea6ddb97f00452bae8b1287d3"},
    {file = "idna-3.10.tar.gz", hash = "sha256:12f65c9b470abda6dc35cf8e63cc574b1c52b11df2c86030af0ac09b01b13ea9"},
]

[[package]]
name = "importlib-metadata"
version = "8.7.0"
requires_python = ">=3.9"
summary = "Read metadata from Python packages"
groups = ["default"]
marker = "python_version == \"3.13\""
dependencies = [
    "typing-extensions>=3.6.4; python_version < \"3.8\"",
    "zipp>=3.20",
]
files = [
    {file = "importlib_metadata-8.7.0-py3-none-any.whl", hash = "sha256:e5dd1551894c77868a30651cef00984d50e1002d06942a7101d34870c5f02afd"},
    {file = "importlib_metadata-8.7.0.tar.gz", hash = "sha256:d13b81ad223b890aa16c5471f2ac3056cf76c5f10f82d6f9292f0b415f389000"},
]

[[package]]
name = "markdown-it-py"
version = "4.0.0"
requires_python = ">=3.10"
summary = "Python port of markdown-it. Markdown parsing, done right!"
groups = ["default"]
marker = "python_version == \"3.13\""
dependencies = [
    "mdurl~=0.1",
]
files = [
    {file = "markdown_it_py-4.0.0-py3-none-any.whl", hash = "sha256:87327c59b172c5011896038353a81343b6754500a08cd7a4973bb48c6d578147"},
    {file = "markdown_it_py-4.0.0.tar.gz", hash = "sha256:cb0a2b4aa34f932c007117b194e945bd74e0ec24133ceb5bac59009cda1cb9f3"},
]

[[package]]
name = "mdurl"
version = "0.1.2"
requires_python = ">=3.7"
summary = "Markdown URL utilities"
groups = ["default"]
marker = "python_version == \"3.13\""
files = [
    {file = "mdurl-0.1.2-py3-none-any.whl", hash = "sha256:84008a41e51615a49fc9966191ff91509e3c40b939176e643fd50a5c2196b8f8"},
    {file = "mdurl-0.1.2.tar.gz", hash = "sha256:bb413d29f5eea38f31dd4754dd7377d4465116fb207585f97bf925588687c1ba"},
]

[[package]]
name = "numpy"
version = "2.3.2"
requires_python = ">=3.11"
summary = "Fundamental package for array computing in Python"
groups = ["default"]
marker = "python_version == \"3.13\""
files = [
    {file = "numpy-2.3.2-cp313-cp313-macosx_10_13_x86_64.whl", hash = "sha256:c8d9727f5316a256425892b043736d63e89ed15bbfe6556c5ff4d9d4448ff3b3"},
    {file = "numpy-2.3.2-cp313-cp313-macosx_11_0_arm64.whl", hash = "sha256:efc81393f25f14d11c9d161e46e6ee348637c0a1e8a54bf9dedc472a3fae993b"},
    {file = "numpy-2.3.2-cp313-cp313-macosx_14_0_arm64.whl", hash = "sha256:dd937f088a2df683cbb79dda9a772b62a3e5a8a7e76690612c2737f38c6ef1b6"},
    {file = "numpy-2.3.2-cp313-cp313-macosx_14_0_x86_64.whl", hash = "sha256:11e58218c0c46c80509186e460d79fbdc9ca1eb8d8aee39d8f2dc768eb781089"},
    {file = "numpy-2.3.2-cp313-cp313-manylinux_2_27_aarch64.manylinux_2_28_aarch64.whl", hash = "sha256:5ad4ebcb683a1f99f4f392cc522ee20a18b2bb12a2c1c42c3d48d5a1adc9d3d2"},
    {file = "numpy-2.3.2-cp313-cp313-manylinux_2_27_x86_64.manylinux_2_28_x86_64.whl", hash = "sha256:938065908d1d869c7d75d8ec45f735a034771c6ea07088867f713d1cd3bbbe4f"},
    {file = "numpy-2.3.2-cp313-cp313-musllinux_1_2_aarch64.whl", hash = "sha256:66459dccc65d8ec98cc7df61307b64bf9e08101f9598755d42d8ae65d9a7a6ee"},
    {file = "numpy-2.3.2-cp313-cp313-musllinux_1_2_x86_64.whl", hash = "sha256:a7af9ed2aa9ec5950daf05bb11abc4076a108bd3c7db9aa7251d5f107079b6a6"},
    {file = "numpy-2.3.2-cp313-cp313-win32.whl", hash = "sha256:906a30249315f9c8e17b085cc5f87d3f369b35fedd0051d4a84686967bdbbd0b"},
    {file = "numpy-2.3.2-cp313-cp313-win_amd64.whl", hash = "sha256:c63d95dc9d67b676e9108fe0d2182987ccb0f11933c1e8959f42fa0da8d4fa56"},
    {file = "numpy-2.3.2-cp313-cp313-win_arm64.whl", hash = "sha256:b05a89f2fb84d21235f93de47129dd4f11c16f64c87c33f5e284e6a3a54e43f2"},
    {file = "numpy-2.3.2-cp313-cp313t-macosx_10_13_x86_64.whl", hash = "sha256:4e6ecfeddfa83b02318f4d84acf15fbdbf9ded18e46989a15a8b6995dfbf85ab"},
    {file = "numpy-2.3.2-cp313-cp313t-macosx_11_0_arm64.whl", hash = "sha256:508b0eada3eded10a3b55725b40806a4b855961040180028f52580c4729916a2"},
    {file = "numpy-2.3.2-cp313-cp313t-macosx_14_0_arm64.whl", hash = "sha256:754d6755d9a7588bdc6ac47dc4ee97867271b17cee39cb87aef079574366db0a"},
    {file = "numpy-2.3.2-cp313-cp313t-macosx_14_0_x86_64.whl", hash = "sha256:a9f66e7d2b2d7712410d3bc5684149040ef5f19856f20277cd17ea83e5006286"},
    {file = "numpy-2.3.2-cp313-cp313t-manylinux_2_27_aarch64.manylinux_2_28_aarch64.whl", hash = "sha256:de6ea4e5a65d5a90c7d286ddff2b87f3f4ad61faa3db8dabe936b34c2275b6f8"},
    {file = "numpy-2.3.2-cp313-cp313t-manylinux_2_27_x86_64.manylinux_2_28_x86_64.whl", hash = "sha256:a3ef07ec8cbc8fc9e369c8dcd52019510c12da4de81367d8b20bc692aa07573a"},
    {file = "numpy-2.3.2-cp313-cp313t-musllinux_1_2_aarch64.whl", hash = "sha256:27c9f90e7481275c7800dc9c24b7cc40ace3fdb970ae4d21eaff983a32f70c91"},
    {file = "numpy-2.3.2-cp313-cp313t-musllinux_1_2_x86_64.whl", hash = "sha256:07b62978075b67eee4065b166d000d457c82a1efe726cce608b9db9dd66a73a5"},
    {file = "numpy-2.3.2-cp313-cp313t-win32.whl", hash = "sha256:c771cfac34a4f2c0de8e8c97312d07d64fd8f8ed45bc9f5726a7e947270152b5"},
    {file = "numpy-2.3.2-cp313-cp313t-win_amd64.whl", hash = "sha256:72dbebb2dcc8305c431b2836bcc66af967df91be793d63a24e3d9b741374c450"},
    {file = "numpy-2.3.2-cp313-cp313t-win_arm64.whl", hash = "sha256:72c6df2267e926a6d5286b0a6d556ebe49eae261062059317837fda12ddf0c1a"},
    {file = "numpy-2.3.2.tar.gz", hash = "sha256:e0486a11ec30cdecb53f184d496d1c6a20786c81e55e41640270130056f8ee48"},
]

[[package]]
name = "packaging"
version = "25.0"
requires_python = ">=3.8"
summary = "Core utilities for Python packages"
groups = ["default"]
marker = "python_version == \"3.13\""
files = [
    {file = "packaging-25.0-py3-none-any.whl", hash = "sha256:29572ef2b1f17581046b3a2227d5c611fb25ec70ca1ba8554b24b0e69331a484"},
    {file = "packaging-25.0.tar.gz", hash = "sha256:d443872c98d677bf60f6a1f2f8c1cb748e8fe762d2bf9d3148b5599295b0fc4f"},
]

[[package]]
name = "pillow"
version = "11.3.0"
requires_python = ">=3.9"
summary = "Python Imaging Library (Fork)"
groups = ["default"]
marker = "python_version == \"3.13\""
files = [
    {file = "pillow-11.3.0-cp313-cp313-ios_13_0_arm64_iphoneos.whl", hash = "sha256:1c627742b539bba4309df89171356fcb3cc5a9178355b2727d1b74a6cf155fbd"},
    {file = "pillow-11.3.0-cp313-cp313-ios_13_0_arm64_iphonesimulator.whl", hash = "sha256:30b7c02f3899d10f13d7a48163c8969e4e653f8b43416d23d13d1bbfdc93b9f8"},
    {file = "pillow-11.3.0-cp313-cp313-ios_13_0_x86_64_iphonesimulator.whl", hash = "sha256:7859a4cc7c9295f5838015d8cc0a9c215b77e43d07a25e460f35cf516df8626f"},
    {file = "pillow-11.3.0-cp313-cp313-macosx_10_13_x86_64.whl", hash = "sha256:ec1ee50470b0d050984394423d96325b744d55c701a439d2bd66089bff963d3c"},
    {file = "pillow-11.3.0-cp313-cp313-macosx_11_0_arm64.whl", hash = "sha256:7db51d222548ccfd274e4572fdbf3e810a5e66b00608862f947b163e613b67dd"},
    {file = "pillow-11.3.0-cp313-cp313-manylinux2014_aarch64.manylinux_2_17_aarch64.whl", hash = "sha256:2d6fcc902a24ac74495df63faad1884282239265c6839a0a6416d33faedfae7e"},
    {file = "pillow-11.3.0-cp313-cp313-manylinux2014_x86_64.manylinux_2_17_x86_64.whl", hash = "sha256:f0f5d8f4a08090c6d6d578351a2b91acf519a54986c055af27e7a93feae6d3f1"},
    {file = "pillow-11.3.0-cp313-cp313-manylinux_2_27_aarch64.manylinux_2_28_aarch64.whl", hash = "sha256:c37d8ba9411d6003bba9e518db0db0c58a680ab9fe5179f040b0463644bc9805"},
    {file = "pillow-11.3.0-cp313-cp313-manylinux_2_27_x86_64.manylinux_2_28_x86_64.whl", hash = "sha256:13f87d581e71d9189ab21fe0efb5a23e9f28552d5be6979e84001d3b8505abe8"},
    {file = "pillow-11.3.0-cp313-cp313-musllinux_1_2_aarch64.whl", hash = "sha256:023f6d2d11784a465f09fd09a34b150ea4672e85fb3d05931d89f373ab14abb2"},
    {file = "pillow-11.3.0-cp313-cp313-musllinux_1_2_x86_64.whl", hash = "sha256:45dfc51ac5975b938e9809451c51734124e73b04d0f0ac621649821a63852e7b"},
    {file = "pillow-11.3.0-cp313-cp313-win32.whl", hash = "sha256:a4d336baed65d50d37b88ca5b60c0fa9d81e3a87d4a7930d3880d1624d5b31f3"},
    {file = "pillow-11.3.0-cp313-cp313-win_amd64.whl", hash = "sha256:0bce5c4fd0921f99d2e858dc4d4d64193407e1b99478bc5cacecba2311abde51"},
    {file = "pillow-11.3.0-cp313-cp313-win_arm64.whl", hash = "sha256:1904e1264881f682f02b7f8167935cce37bc97db457f8e7849dc3a6a52b99580"},
    {file = "pillow-11.3.0-cp313-cp313t-macosx_10_13_x86_64.whl", hash = "sha256:4c834a3921375c48ee6b9624061076bc0a32a60b5532b322cc0ea64e639dd50e"},
    {file = "pillow-11.3.0-cp313-cp313t-macosx_11_0_arm64.whl", hash = "sha256:5e05688ccef30ea69b9317a9ead994b93975104a677a36a8ed8106be9260aa6d"},
    {file = "pillow-11.3.0-cp313-cp313t-manylinux2014_aarch64.manylinux_2_17_aarch64.whl", hash = "sha256:1019b04af07fc0163e2810167918cb5add8d74674b6267616021ab558dc98ced"},
    {file = "pillow-11.3.0-cp313-cp313t-manylinux2014_x86_64.manylinux_2_17_x86_64.whl", hash = "sha256:f944255db153ebb2b19c51fe85dd99ef0ce494123f21b9db4877ffdfc5590c7c"},
    {file = "pillow-11.3.0-cp313-cp313t-manylinux_2_27_aarch64.manylinux_2_28_aarch64.whl", hash = "sha256:1f85acb69adf2aaee8b7da124efebbdb959a104db34d3a2cb0f3793dbae422a8"},
    {file = "pillow-11.3.0-cp313-cp313t-manylinux_2_27_x86_64.manylinux_2_28_x86_64.whl", hash = "sha256:05f6ecbeff5005399bb48d198f098a9b4b6bdf27b8487c7f38ca16eeb070cd59"},
    {file = "pillow-11.3.0-cp313-cp313t-musllinux_1_2_aarch64.whl", hash = "sha256:a7bc6e6fd0395bc052f16b1a8670859964dbd7003bd0af2ff08342eb6e442cfe"},
    {file = "pillow-11.3.0-cp313-cp313t-musllinux_1_2_x86_64.whl", hash = "sha256:83e1b0161c9d148125083a35c1c5a89db5b7054834fd4387499e06552035236c"},
    {file = "pillow-11.3.0-cp313-cp313t-win32.whl", hash = "sha256:2a3117c06b8fb646639dce83694f2f9eac405472713fcb1ae887469c0d4f6788"},
    {file = "pillow-11.3.0-cp313-cp313t-win_amd64.whl", hash = "sha256:857844335c95bea93fb39e0fa2726b4d9d758850b34075a7e3ff4f4fa3aa3b31"},
    {file = "pillow-11.3.0-cp313-cp313t-win_arm64.whl", hash = "sha256:8797edc41f3e8536ae4b10897ee2f637235c94f27404cac7297f7b607dd0716e"},
    {file = "pillow-11.3.0.tar.gz", hash = "sha256:3828ee7586cd0b2091b6209e5ad53e20d0649bbe87164a459d0676e035e8f523"},
]

[[package]]
name = "pydantic"
version = "2.11.7"
requires_python = ">=3.9"
summary = "Data validation using Python type hints"
groups = ["default"]
marker = "python_version == \"3.13\""
dependencies = [
    "annotated-types>=0.6.0",
    "pydantic-core==2.33.2",
    "typing-extensions>=4.12.2",
    "typing-inspection>=0.4.0",
]
files = [
    {file = "pydantic-2.11.7-py3-none-any.whl", hash = "sha256:dde5df002701f6de26248661f6835bbe296a47bf73990135c7d07ce741b9623b"},
    {file = "pydantic-2.11.7.tar.gz", hash = "sha256:d989c3c6cb79469287b1569f7447a17848c998458d49ebe294e975b9baf0f0db"},
]

[[package]]
name = "pydantic-core"
version = "2.33.2"
requires_python = ">=3.9"
summary = "Core functionality for Pydantic validation and serialization"
groups = ["default"]
marker = "python_version == \"3.13\""
dependencies = [
    "typing-extensions!=4.7.0,>=4.6.0",
]
files = [
    {file = "pydantic_core-2.33.2-cp313-cp313-macosx_10_12_x86_64.whl", hash = "sha256:1082dd3e2d7109ad8b7da48e1d4710c8d06c253cbc4a27c1cff4fbcaa97a9e3f"},
    {file = "pydantic_core-2.33.2-cp313-cp313-macosx_11_0_arm64.whl", hash = "sha256:f517ca031dfc037a9c07e748cefd8d96235088b83b4f4ba8939105d20fa1dcd6"},
    {file = "pydantic_core-2.33.2-cp313-cp313-manylinux_2_17_aarch64.manylinux2014_aarch64.whl", hash = "sha256:0a9f2c9dd19656823cb8250b0724ee9c60a82f3cdf68a080979d13092a3b0fef"},
    {file = "pydantic_core-2.33.2-cp313-cp313-manylinux_2_17_armv7l.manylinux2014_armv7l.whl", hash = "sha256:2b0a451c263b01acebe51895bfb0e1cc842a5c666efe06cdf13846c7418caa9a"},
    {file = "pydantic_core-2.33.2-cp313-cp313-manylinux_2_17_ppc64le.manylinux2014_ppc64le.whl", hash = "sha256:1ea40a64d23faa25e62a70ad163571c0b342b8bf66d5fa612ac0dec4f069d916"},
    {file = "pydantic_core-2.33.2-cp313-cp313-manylinux_2_17_s390x.manylinux2014_s390x.whl", hash = "sha256:0fb2d542b4d66f9470e8065c5469ec676978d625a8b7a363f07d9a501a9cb36a"},
    {file = "pydantic_core-2.33.2-cp313-cp313-manylinux_2_17_x86_64.manylinux2014_x86_64.whl", hash = "sha256:9fdac5d6ffa1b5a83bca06ffe7583f5576555e6c8b3a91fbd25ea7780f825f7d"},
    {file = "pydantic_core-2.33.2-cp313-cp313-manylinux_2_5_i686.manylinux1_i686.whl", hash = "sha256:04a1a413977ab517154eebb2d326da71638271477d6ad87a769102f7c2488c56"},
    {file = "pydantic_core-2.33.2-cp313-cp313-musllinux_1_1_aarch64.whl", hash = "sha256:c8e7af2f4e0194c22b5b37205bfb293d166a7344a5b0d0eaccebc376546d77d5"},
    {file = "pydantic_core-2.33.2-cp313-cp313-musllinux_1_1_armv7l.whl", hash = "sha256:5c92edd15cd58b3c2d34873597a1e20f13094f59cf88068adb18947df5455b4e"},
    {file = "pydantic_core-2.33.2-cp313-cp313-musllinux_1_1_x86_64.whl", hash = "sha256:65132b7b4a1c0beded5e057324b7e16e10910c106d43675d9bd87d4f38dde162"},
    {file = "pydantic_core-2.33.2-cp313-cp313-win32.whl", hash = "sha256:52fb90784e0a242bb96ec53f42196a17278855b0f31ac7c3cc6f5c1ec4811849"},
    {file = "pydantic_core-2.33.2-cp313-cp313-win_amd64.whl", hash = "sha256:c083a3bdd5a93dfe480f1125926afcdbf2917ae714bdb80b36d34318b2bec5d9"},
    {file = "pydantic_core-2.33.2-cp313-cp313-win_arm64.whl", hash = "sha256:e80b087132752f6b3d714f041ccf74403799d3b23a72722ea2e6ba2e892555b9"},
    {file = "pydantic_core-2.33.2-cp313-cp313t-macosx_11_0_arm64.whl", hash = "sha256:61c18fba8e5e9db3ab908620af374db0ac1baa69f0f32df4f61ae23f15e586ac"},
    {file = "pydantic_core-2.33.2-cp313-cp313t-manylinux_2_17_x86_64.manylinux2014_x86_64.whl", hash = "sha256:95237e53bb015f67b63c91af7518a62a8660376a6a0db19b89acc77a4d6199f5"},
    {file = "pydantic_core-2.33.2-cp313-cp313t-win_amd64.whl", hash = "sha256:c2fc0a768ef76c15ab9238afa6da7f69895bb5d1ee83aeea2e3509af4472d0b9"},
    {file = "pydantic_core-2.33.2.tar.gz", hash = "sha256:7cb8bc3605c29176e1b105350d2e6474142d7c1bd1d9327c4a9bdb46bf827acc"},
]

[[package]]
name = "pydantic-settings"
version = "2.10.1"
requires_python = ">=3.9"
summary = "Settings management using Pydantic"
groups = ["default"]
marker = "python_version == \"3.13\""
dependencies = [
    "pydantic>=2.7.0",
    "python-dotenv>=0.21.0",
    "typing-inspection>=0.4.0",
]
files = [
    {file = "pydantic_settings-2.10.1-py3-none-any.whl", hash = "sha256:a60952460b99cf661dc25c29c0ef171721f98bfcb52ef8d9ea4c943d7c8cc796"},
    {file = "pydantic_settings-2.10.1.tar.gz", hash = "sha256:06f0062169818d0f5524420a360d632d5857b83cffd4d42fe29597807a1614ee"},
]

[[package]]
name = "pygments"
version = "2.19.2"
requires_python = ">=3.8"
summary = "Pygments is a syntax highlighting package written in Python."
groups = ["default"]
marker = "python_version == \"3.13\""
files = [
    {file = "pygments-2.19.2-py3-none-any.whl", hash = "sha256:86540386c03d588bb81d44bc3928634ff26449851e99741617ecb9037ee5ec0b"},
    {file = "pygments-2.19.2.tar.gz", hash = "sha256:636cb2477cec7f8952536970bc533bc43743542f70392ae026374600add5b887"},
]

[[package]]
name = "python-dotenv"
version = "1.1.1"
requires_python = ">=3.9"
summary = "Read key-value pairs from a .env file and set them as environment variables"
groups = ["default"]
marker = "python_version == \"3.13\""
files = [
    {file = "python_dotenv-1.1.1-py3-none-any.whl", hash = "sha256:31f23644fe2602f88ff55e1f5c79ba497e01224ee7737937930c448e4d0e24dc"},
    {file = "python_dotenv-1.1.1.tar.gz", hash = "sha256:a8a6399716257f45be6a007360200409fce5cda2661e3dec71d23dc15f6189ab"},
]

[[package]]
name = "pyyaml"
version = "6.0.2"
requires_python = ">=3.8"
summary = "YAML parser and emitter for Python"
groups = ["default"]
marker = "python_version == \"3.13\""
files = [
    {file = "PyYAML-6.0.2-cp313-cp313-macosx_10_13_x86_64.whl", hash = "sha256:efdca5630322a10774e8e98e1af481aad470dd62c3170801852d752aa7a783ba"},
    {file = "PyYAML-6.0.2-cp313-cp313-macosx_11_0_arm64.whl", hash = "sha256:50187695423ffe49e2deacb8cd10510bc361faac997de9efef88badc3bb9e2d1"},
    {file = "PyYAML-6.0.2-cp313-cp313-manylinux_2_17_aarch64.manylinux2014_aarch64.whl", hash = "sha256:0ffe8360bab4910ef1b9e87fb812d8bc0a308b0d0eef8c8f44e0254ab3b07133"},
    {file = "PyYAML-6.0.2-cp313-cp313-manylinux_2_17_s390x.manylinux2014_s390x.whl", hash = "sha256:17e311b6c678207928d649faa7cb0d7b4c26a0ba73d41e99c4fff6b6c3276484"},
    {file = "PyYAML-6.0.2-cp313-cp313-manylinux_2_17_x86_64.manylinux2014_x86_64.whl", hash = "sha256:70b189594dbe54f75ab3a1acec5f1e3faa7e8cf2f1e08d9b561cb41b845f69d5"},
    {file = "PyYAML-6.0.2-cp313-cp313-musllinux_1_1_aarch64.whl", hash = "sha256:41e4e3953a79407c794916fa277a82531dd93aad34e29c2a514c2c0c5fe971cc"},
    {file = "PyYAML-6.0.2-cp313-cp313-musllinux_1_1_x86_64.whl", hash = "sha256:68ccc6023a3400877818152ad9a1033e3db8625d899c72eacb5a668902e4d652"},
    {file = "PyYAML-6.0.2-cp313-cp313-win32.whl", hash = "sha256:bc2fa7c6b47d6bc618dd7fb02ef6fdedb1090ec036abab80d4681424b84c1183"},
    {file = "PyYAML-6.0.2-cp313-cp313-win_amd64.whl", hash = "sha256:8388ee1976c416731879ac16da0aff3f63b286ffdd57cdeb95f3f2e085687563"},
    {file = "pyyaml-6.0.2.tar.gz", hash = "sha256:d584d9ec91ad65861cc08d42e834324ef890a082e591037abe114850ff7bbc3e"},
]

[[package]]
name = "regex"
version = "2025.7.34"
requires_python = ">=3.9"
summary = "Alternative regular expression module, to replace re."
groups = ["default"]
marker = "python_version == \"3.13\""
files = [
    {file = "regex-2025.7.34-cp313-cp313-macosx_10_13_universal2.whl", hash = "sha256:c3c9740a77aeef3f5e3aaab92403946a8d34437db930a0280e7e81ddcada61f5"},
    {file = "regex-2025.7.34-cp313-cp313-macosx_10_13_x86_64.whl", hash = "sha256:69ed3bc611540f2ea70a4080f853741ec698be556b1df404599f8724690edbcd"},
    {file = "regex-2025.7.34-cp313-cp313-macosx_11_0_arm64.whl", hash = "sha256:d03c6f9dcd562c56527c42b8530aad93193e0b3254a588be1f2ed378cdfdea1b"},
    {file = "regex-2025.7.34-cp313-cp313-manylinux2014_aarch64.manylinux_2_17_aarch64.manylinux_2_28_aarch64.whl", hash = "sha256:6164b1d99dee1dfad33f301f174d8139d4368a9fb50bf0a3603b2eaf579963ad"},
    {file = "regex-2025.7.34-cp313-cp313-manylinux2014_ppc64le.manylinux_2_17_ppc64le.manylinux_2_28_ppc64le.whl", hash = "sha256:1e4f4f62599b8142362f164ce776f19d79bdd21273e86920a7b604a4275b4f59"},
    {file = "regex-2025.7.34-cp313-cp313-manylinux2014_s390x.manylinux_2_17_s390x.manylinux_2_28_s390x.whl", hash = "sha256:72a26dcc6a59c057b292f39d41465d8233a10fd69121fa24f8f43ec6294e5415"},
    {file = "regex-2025.7.34-cp313-cp313-manylinux2014_x86_64.manylinux_2_17_x86_64.manylinux_2_28_x86_64.whl", hash = "sha256:d5273fddf7a3e602695c92716c420c377599ed3c853ea669c1fe26218867002f"},
    {file = "regex-2025.7.34-cp313-cp313-musllinux_1_2_aarch64.whl", hash = "sha256:c1844be23cd40135b3a5a4dd298e1e0c0cb36757364dd6cdc6025770363e06c1"},
    {file = "regex-2025.7.34-cp313-cp313-musllinux_1_2_ppc64le.whl", hash = "sha256:dde35e2afbbe2272f8abee3b9fe6772d9b5a07d82607b5788e8508974059925c"},
    {file = "regex-2025.7.34-cp313-cp313-musllinux_1_2_s390x.whl", hash = "sha256:f3f6e8e7af516a7549412ce57613e859c3be27d55341a894aacaa11703a4c31a"},
    {file = "regex-2025.7.34-cp313-cp313-musllinux_1_2_x86_64.whl", hash = "sha256:469142fb94a869beb25b5f18ea87646d21def10fbacb0bcb749224f3509476f0"},
    {file = "regex-2025.7.34-cp313-cp313-win32.whl", hash = "sha256:da7507d083ee33ccea1310447410c27ca11fb9ef18c95899ca57ff60a7e4d8f1"},
    {file = "regex-2025.7.34-cp313-cp313-win_amd64.whl", hash = "sha256:9d644de5520441e5f7e2db63aec2748948cc39ed4d7a87fd5db578ea4043d997"},
    {file = "regex-2025.7.34-cp313-cp313-win_arm64.whl", hash = "sha256:7bf1c5503a9f2cbd2f52d7e260acb3131b07b6273c470abb78568174fe6bde3f"},
    {file = "regex-2025.7.34.tar.gz", hash = "sha256:9ead9765217afd04a86822dfcd4ed2747dfe426e887da413b15ff0ac2457e21a"},
]

[[package]]
name = "replicate"
version = "1.0.7"
requires_python = ">=3.8"
summary = "Python client for Replicate"
groups = ["default"]
marker = "python_version == \"3.13\""
dependencies = [
    "httpx<1,>=0.21.0",
    "packaging",
    "pydantic>1.10.7",
    "typing-extensions>=4.5.0",
]
files = [
    {file = "replicate-1.0.7-py3-none-any.whl", hash = "sha256:667c50a9eb83be17de6278ff89483102b3b50f49a2c7fbcaa2e2b14df13816f9"},
    {file = "replicate-1.0.7.tar.gz", hash = "sha256:d88cb2c37ba39fb370c87fc3291601c67aae64bb918a20a85b5ce399c23ee84c"},
]

[[package]]
name = "requests"
version = "2.32.5"
requires_python = ">=3.9"
summary = "Python HTTP for Humans."
groups = ["default"]
marker = "python_version == \"3.13\""
dependencies = [
    "certifi>=2017.4.17",
    "charset-normalizer<4,>=2",
    "idna<4,>=2.5",
    "urllib3<3,>=1.21.1",
]
files = [
    {file = "requests-2.32.5-py3-none-any.whl", hash = "sha256:2462f94637a34fd532264295e186976db0f5d453d1cdd31473c85a6a161affb6"},
    {file = "requests-2.32.5.tar.gz", hash = "sha256:dbba0bac56e100853db0ea71b82b4dfd5fe2bf6d3754a8893c3af500cec7d7cf"},
]

[[package]]
name = "rich"
version = "14.1.0"
requires_python = ">=3.8.0"
summary = "Render rich text, tables, progress bars, syntax highlighting, markdown and more to the terminal"
groups = ["default"]
marker = "python_version == \"3.13\""
dependencies = [
    "markdown-it-py>=2.2.0",
    "pygments<3.0.0,>=2.13.0",
]
files = [
    {file = "rich-14.1.0-py3-none-any.whl", hash = "sha256:536f5f1785986d6dbdea3c75205c473f970777b4a0d6c6dd1b696aa05a3fa04f"},
    {file = "rich-14.1.0.tar.gz", hash = "sha256:e497a48b844b0320d45007cdebfeaeed8db2a4f4bcf49f15e455cfc4af11eaa8"},
]

[[package]]
name = "safetensors"
version = "0.6.2"
requires_python = ">=3.9"
summary = ""
groups = ["default"]
marker = "python_version == \"3.13\""
files = [
    {file = "safetensors-0.6.2-cp38-abi3-macosx_10_12_x86_64.whl", hash = "sha256:9c85ede8ec58f120bad982ec47746981e210492a6db876882aa021446af8ffba"},
    {file = "safetensors-0.6.2-cp38-abi3-macosx_11_0_arm64.whl", hash = "sha256:d6675cf4b39c98dbd7d940598028f3742e0375a6b4d4277e76beb0c35f4b843b"},
    {file = "safetensors-0.6.2-cp38-abi3-manylinux_2_17_aarch64.manylinux2014_aarch64.whl", hash = "sha256:1d2d2b3ce1e2509c68932ca03ab8f20570920cd9754b05063d4368ee52833ecd"},
    {file = "safetensors-0.6.2-cp38-abi3-manylinux_2_17_armv7l.manylinux2014_armv7l.whl", hash = "sha256:93de35a18f46b0f5a6a1f9e26d91b442094f2df02e9fd7acf224cfec4238821a"},
    {file = "safetensors-0.6.2-cp38-abi3-manylinux_2_17_ppc64le.manylinux2014_ppc64le.whl", hash = "sha256:89a89b505f335640f9120fac65ddeb83e40f1fd081cb8ed88b505bdccec8d0a1"},
    {file = "safetensors-0.6.2-cp38-abi3-manylinux_2_17_s390x.manylinux2014_s390x.whl", hash = "sha256:fc4d0d0b937e04bdf2ae6f70cd3ad51328635fe0e6214aa1fc811f3b576b3bda"},
    {file = "safetensors-0.6.2-cp38-abi3-manylinux_2_17_x86_64.manylinux2014_x86_64.whl", hash = "sha256:8045db2c872db8f4cbe3faa0495932d89c38c899c603f21e9b6486951a5ecb8f"},
    {file = "safetensors-0.6.2-cp38-abi3-manylinux_2_5_i686.manylinux1_i686.whl", hash = "sha256:81e67e8bab9878bb568cffbc5f5e655adb38d2418351dc0859ccac158f753e19"},
    {file = "safetensors-0.6.2-cp38-abi3-musllinux_1_2_aarch64.whl", hash = "sha256:b0e4d029ab0a0e0e4fdf142b194514695b1d7d3735503ba700cf36d0fc7136ce"},
    {file = "safetensors-0.6.2-cp38-abi3-musllinux_1_2_armv7l.whl", hash = "sha256:fa48268185c52bfe8771e46325a1e21d317207bcabcb72e65c6e28e9ffeb29c7"},
    {file = "safetensors-0.6.2-cp38-abi3-musllinux_1_2_i686.whl", hash = "sha256:d83c20c12c2d2f465997c51b7ecb00e407e5f94d7dec3ea0cc11d86f60d3fde5"},
    {file = "safetensors-0.6.2-cp38-abi3-musllinux_1_2_x86_64.whl", hash = "sha256:d944cea65fad0ead848b6ec2c37cc0b197194bec228f8020054742190e9312ac"},
    {file = "safetensors-0.6.2-cp38-abi3-win32.whl", hash = "sha256:cab75ca7c064d3911411461151cb69380c9225798a20e712b102edda2542ddb1"},
    {file = "safetensors-0.6.2-cp38-abi3-win_amd64.whl", hash = "sha256:c7b214870df923cbc1593c3faee16bec59ea462758699bd3fee399d00aac072c"},
    {file = "safetensors-0.6.2.tar.gz", hash = "sha256:43ff2aa0e6fa2dc3ea5524ac7ad93a9839256b8703761e76e2d0b2a3fa4f15d9"},
]

[[package]]
name = "shellingham"
version = "1.5.4"
requires_python = ">=3.7"
summary = "Tool to Detect Surrounding Shell"
groups = ["default"]
marker = "python_version == \"3.13\""
files = [
    {file = "shellingham-1.5.4-py2.py3-none-any.whl", hash = "sha256:7ecfff8f2fd72616f7481040475a65b2bf8af90a56c89140852d1120324e8686"},
    {file = "shellingham-1.5.4.tar.gz", hash = "sha256:8dbca0739d487e5bd35ab3ca4b36e11c4078f3a234bfce294b0a0291363404de"},
]

[[package]]
name = "sniffio"
version = "1.3.1"
requires_python = ">=3.7"
summary = "Sniff out which async library your code is running under"
groups = ["default"]
marker = "python_version == \"3.13\""
files = [
    {file = "sniffio-1.3.1-py3-none-any.whl", hash = "sha256:2f6da418d1f1e0fddd844478f41680e794e6051915791a034ff65e5f100525a2"},
    {file = "sniffio-1.3.1.tar.gz", hash = "sha256:f4324edc670a0f49750a81b895f35c3adb843cca46f0530f79fc1babb23789dc"},
]

[[package]]
name = "tqdm"
version = "4.67.1"
requires_python = ">=3.7"
summary = "Fast, Extensible Progress Meter"
groups = ["default"]
marker = "python_version == \"3.13\""
dependencies = [
    "colorama; platform_system == \"Windows\"",
]
files = [
    {file = "tqdm-4.67.1-py3-none-any.whl", hash = "sha256:26445eca388f82e72884e0d580d5464cd801a3ea01e63e5601bdff9ba6a48de2"},
    {file = "tqdm-4.67.1.tar.gz", hash = "sha256:f8aef9c52c08c13a65f30ea34f4e5aac3fd1a34959879d7e59e63027286627f2"},
]

[[package]]
name = "typer"
version = "0.16.1"
requires_python = ">=3.7"
summary = "Typer, build great CLIs. Easy to code. Based on Python type hints."
groups = ["default"]
marker = "python_version == \"3.13\""
dependencies = [
    "click>=8.0.0",
    "rich>=10.11.0",
    "shellingham>=1.3.0",
    "typing-extensions>=3.7.4.3",
]
files = [
    {file = "typer-0.16.1-py3-none-any.whl", hash = "sha256:90ee01cb02d9b8395ae21ee3368421faf21fa138cb2a541ed369c08cec5237c9"},
    {file = "typer-0.16.1.tar.gz", hash = "sha256:d358c65a464a7a90f338e3bb7ff0c74ac081449e53884b12ba658cbd72990614"},
]

[[package]]
name = "typing-extensions"
version = "4.14.1"
requires_python = ">=3.9"
summary = "Backported and Experimental Type Hints for Python 3.9+"
groups = ["default"]
marker = "python_version == \"3.13\""
files = [
    {file = "typing_extensions-4.14.1-py3-none-any.whl", hash = "sha256:d1e1e3b58374dc93031d6eda2420a48ea44a36c2b4766a4fdeb3710755731d76"},
    {file = "typing_extensions-4.14.1.tar.gz", hash = "sha256:38b39f4aeeab64884ce9f74c94263ef78f3c22467c8724005483154c26648d36"},
]

[[package]]
name = "typing-inspection"
version = "0.4.1"
requires_python = ">=3.9"
summary = "Runtime typing introspection tools"
groups = ["default"]
marker = "python_version == \"3.13\""
dependencies = [
    "typing-extensions>=4.12.0",
]
files = [
    {file = "typing_inspection-0.4.1-py3-none-any.whl", hash = "sha256:389055682238f53b04f7badcb49b989835495a96700ced5dab2d8feae4b26f51"},
    {file = "typing_inspection-0.4.1.tar.gz", hash = "sha256:6ae134cc0203c33377d43188d4064e9b357dba58cff3185f22924610e70a9d28"},
]

[[package]]
name = "urllib3"
version = "2.5.0"
requires_python = ">=3.9"
summary = "HTTP library with thread-safe connection pooling, file post, and more."
groups = ["default"]
marker = "python_version == \"3.13\""
files = [
    {file = "urllib3-2.5.0-py3-none-any.whl", hash = "sha256:e6b01673c0fa6a13e374b50871808eb3bf7046c4b125b216f6bf1cc604cff0dc"},
    {file = "urllib3-2.5.0.tar.gz", hash = "sha256:3fc47733c7e419d4bc3f6b3dc2b4f890bb743906a30d56ba4a5bfa4bbff92760"},
]

[[package]]
name = "zipp"
version = "3.23.0"
requires_python = ">=3.9"
summary = "Backport of pathlib-compatible object wrapper for zip files"
groups = ["default"]
marker = "python_version == \"3.13\""
files = [
    {file = "zipp-3.23.0-py3-none-any.whl", hash = "sha256:071652d6115ed432f5ce1d34c336c0adfd6a884660d1e9712a256d3d3bd4b14e"},
    {file = "zipp-3.23.0.tar.gz", hash = "sha256:a07157588a12518c9d4034df3fbbee09c814741a33ff63c05fa29d26a2404166"},
]
